
Microsoft Visual Studio Solution File, Format Version 11.00
# Visual Studio 2010
# SharpDevelop 5.1
Project("{FAE04EC0-301F-11D3-BF4B-00C04F79EFBC}") = "IntroduccionArchivos", "IntroduccionArchivos\IntroduccionArchivos.csproj", "{331F0B5E-31DB-45B4-A10A-088CE4AC3644}"
EndProject
Global
	GlobalSection(SolutionConfigurationPlatforms) = preSolution
		Debug|Any CPU = Debug|Any CPU
		Release|Any CPU = Release|Any CPU
	EndGlobalSection
	GlobalSection(ProjectConfigurationPlatforms) = postSolution
		{331F0B5E-31DB-45B4-A10A-088CE4AC3644}.Debug|Any CPU.ActiveCfg = Debug|Any CPU
		{331F0B5E-31DB-45B4-A10A-088CE4AC3644}.Debug|Any CPU.Build.0 = Debug|Any CPU
		{331F0B5E-31DB-45B4-A10A-088CE4AC3644}.Release|Any CPU.ActiveCfg = Release|Any CPU
		{331F0B5E-31DB-45B4-A10A-088CE4AC3644}.Release|Any CPU.Build.0 = Release|Any CPU
	EndGlobalSection
EndGlobal
